PODS:
  - shared (1.0):
    - tru-sdk-ios (= 0.3.3)
  - tru-sdk-ios (0.3.3)

DEPENDENCIES:
  - shared (from `../shared`)

SPEC REPOS:
  trunk:
    - tru-sdk-ios

EXTERNAL SOURCES:
  shared:
    :path: "../shared"

SPEC CHECKSUMS:
  shared: 9e1fc1eb74357fdec944209b52e56d1072522f06
  tru-sdk-ios: d3613f570171b57d175df7c91fa00416ee7b2662

PODFILE CHECKSUM: 7372bd98fbf840acff845052f999e9f4fb700a9e

COCOAPODS: 1.11.3
