PODS:
  - playground (0.0.4)
  - shared (1.0):
    - playground (= 0.0.4)

DEPENDENCIES:
  - shared (from `../shared`)

SPEC REPOS:
  trunk:
    - playground

EXTERNAL SOURCES:
  shared:
    :path: "../shared"

SPEC CHECKSUMS:
  playground: eb54e6b6b57f9a00ce50a58c0e92ff8e6eec4b2c
  shared: 976ef69e01003f6546de6ae52ebbb0ba135fdbc3

PODFILE CHECKSUM: 7372bd98fbf840acff845052f999e9f4fb700a9e

COCOAPODS: 1.10.1
